# THIS IS AN AUTOGENERATED FILE. DO NOT EDIT THIS FILE DIRECTLY.
# yarn lockfile v1


"@sentry/browser@6.7.1":
  version "6.7.1"
  resolved "https://registry.yarnpkg.com/@sentry/browser/-/browser-6.7.1.tgz#e01144a08984a486ecc91d7922cc457e9c9bd6b7"
  integrity sha512-R5PYx4TTvifcU790XkK6JVGwavKaXwycDU0MaAwfc4Vf7BLm5KCNJCsDySu1RPAap/017MVYf54p6dWvKiRviA==
  dependencies:
    "@sentry/core" "6.7.1"
    "@sentry/types" "6.7.1"
    "@sentry/utils" "6.7.1"
    tslib "^1.9.3"

"@sentry/core@6.7.1":
  version "6.7.1"
  resolved "https://registry.yarnpkg.com/@sentry/core/-/core-6.7.1.tgz#c3aaa6415d06bec65ac446b13b84f073805633e3"
  integrity sha512-VAv8OR/7INn2JfiLcuop4hfDcyC7mfL9fdPndQEhlacjmw8gRrgXjR7qyhnCTgzFLkHI7V5bcdIzA83TRPYQpA==
  dependencies:
    "@sentry/hub" "6.7.1"
    "@sentry/minimal" "6.7.1"
    "@sentry/types" "6.7.1"
    "@sentry/utils" "6.7.1"
    tslib "^1.9.3"

"@sentry/electron@^2.5.4":
  version "2.5.4"
  resolved "https://registry.yarnpkg.com/@sentry/electron/-/electron-2.5.4.tgz#337b2f7e228e805a3e4eb3611c7b12c6cf87c618"
  integrity sha512-tCCK+P581TmdjsDpHBQz7qYcldzGdUk1Fd6FPxPy1JKGzeY4uf/uSLKzR80Lzs5kTpEZFOwiMHSA8yjwFp5qoA==
  dependencies:
    "@sentry/browser" "6.7.1"
    "@sentry/core" "6.7.1"
    "@sentry/minimal" "6.7.1"
    "@sentry/node" "6.7.1"
    "@sentry/types" "6.7.1"
    "@sentry/utils" "6.7.1"
    tslib "^2.2.0"

"@sentry/hub@6.7.1":
  version "6.7.1"
  resolved "https://registry.yarnpkg.com/@sentry/hub/-/hub-6.7.1.tgz#d46d24deec67f0731a808ca16796e6765b371bc1"
  integrity sha512-eVCTWvvcp6xa0A5GGNHMQEWslmKPlisE5rGmsV/kjvSUv3zSrI0eIDfb51ikdnCiBjHpK2NBWP8Vy8cZOEJegg==
  dependencies:
    "@sentry/types" "6.7.1"
    "@sentry/utils" "6.7.1"
    tslib "^1.9.3"

"@sentry/minimal@6.7.1":
  version "6.7.1"
  resolved "https://registry.yarnpkg.com/@sentry/minimal/-/minimal-6.7.1.tgz#babf85ee2f167e9dcf150d750d7a0b250c98449c"
  integrity sha512-HDDPEnQRD6hC0qaHdqqKDStcdE1KhkFh0RCtJNMCDn0zpav8Dj9AteF70x6kLSlliAJ/JFwi6AmQrLz+FxPexw==
  dependencies:
    "@sentry/hub" "6.7.1"
    "@sentry/types" "6.7.1"
    tslib "^1.9.3"

"@sentry/node@6.7.1":
  version "6.7.1"
  resolved "https://registry.yarnpkg.com/@sentry/node/-/node-6.7.1.tgz#b09e2eca8e187168feba7bd865a23935bf0f5cc0"
  integrity sha512-rtZo1O8ROv4lZwuljQz3iFZW89oXSlgXCG2VqkxQyRspPWu89abROpxLjYzsWwQ8djnur1XjFv51kOLDUTS6Qw==
  dependencies:
    "@sentry/core" "6.7.1"
    "@sentry/hub" "6.7.1"
    "@sentry/tracing" "6.7.1"
    "@sentry/types" "6.7.1"
    "@sentry/utils" "6.7.1"
    cookie "^0.4.1"
    https-proxy-agent "^5.0.0"
    lru_map "^0.3.3"
    tslib "^1.9.3"

"@sentry/tracing@6.7.1":
  version "6.7.1"
  resolved "https://registry.yarnpkg.com/@sentry/tracing/-/tracing-6.7.1.tgz#b11f0c17a6c5dc14ef44733e5436afb686683268"
  integrity sha512-wyS3nWNl5mzaC1qZ2AIp1hjXnfO9EERjMIJjCihs2LWBz1r3efxrHxJHs8wXlNWvrT3KLhq/7vvF5CdU82uPeQ==
  dependencies:
    "@sentry/hub" "6.7.1"
    "@sentry/minimal" "6.7.1"
    "@sentry/types" "6.7.1"
    "@sentry/utils" "6.7.1"
    tslib "^1.9.3"

"@sentry/types@6.7.1":
  version "6.7.1"
  resolved "https://registry.yarnpkg.com/@sentry/types/-/types-6.7.1.tgz#c8263e1886df5e815570c4668eb40a1cfaa1c88b"
  integrity sha512-9AO7HKoip2MBMNQJEd6+AKtjj2+q9Ze4ooWUdEvdOVSt5drg7BGpK221/p9JEOyJAZwEPEXdcMd3VAIMiOb4MA==

"@sentry/utils@6.7.1":
  version "6.7.1"
  resolved "https://registry.yarnpkg.com/@sentry/utils/-/utils-6.7.1.tgz#909184ad580f0f6375e1e4d4a6ffd33dfe64a4d1"
  integrity sha512-Tq2otdbWlHAkctD+EWTYKkEx6BL1Qn3Z/imkO06/PvzpWvVhJWQ5qHAzz5XnwwqNHyV03KVzYB6znq1Bea9HuA==
  dependencies:
    "@sentry/types" "6.7.1"
    tslib "^1.9.3"

"@types/semver@^7.3.6":
  version "7.5.6"
  resolved "https://registry.yarnpkg.com/@types/semver/-/semver-7.5.6.tgz#c65b2bfce1bec346582c07724e3f8c1017a20339"
  integrity sha512-dn1l8LaMea/IjDoHNd9J52uBbInB796CDffS6VdIxvqYCPSG0V0DzHp76GpaWnlhg88uYyPbXCDIowa86ybd5A==

agent-base@6:
  version "6.0.2"
  resolved "https://registry.yarnpkg.com/agent-base/-/agent-base-6.0.2.tgz#49fff58577cfee3f37176feab4c22e00f86d7f77"
  integrity sha512-RZNwNclF7+MS/8bDg70amg32dyeZGZxiDuQmZxKLAlQjr3jGyLx+4Kkk58UO7D2QdgFIQCovuSuZESne6RG6XQ==
  dependencies:
    debug "4"

argparse@^2.0.1:
  version "2.0.1"
  resolved "https://registry.yarnpkg.com/argparse/-/argparse-2.0.1.tgz#246f50f3ca78a3240f6c997e8a9bd1eac49e4b38"
  integrity sha512-8+9WqebbFzpX9OR+Wa6O29asIogeRMzcGtAINdpMHHyAg10f05aSFVBbcEqGf/PXw1EjAZ+q2/bEBg3DvurK3Q==

builder-util-runtime@8.9.2:
  version "8.9.2"
  resolved "https://registry.yarnpkg.com/builder-util-runtime/-/builder-util-runtime-8.9.2.tgz#a9669ae5b5dcabfe411ded26678e7ae997246c28"
  integrity sha512-rhuKm5vh7E0aAmT6i8aoSfEjxzdYEFX7zDApK+eNgOhjofnWb74d9SRJv0H/8nsgOkos0TZ4zxW0P8J4N7xQ2A==
  dependencies:
    debug "^4.3.2"
    sax "^1.2.4"

cookie@^0.4.1:
  version "0.4.2"
  resolved "https://registry.yarnpkg.com/cookie/-/cookie-0.4.2.tgz#0e41f24de5ecf317947c82fc789e06a884824432"
  integrity sha512-aSWTXFzaKWkvHO1Ny/s+ePFpvKsPnjc551iI41v3ny/ow6tBG5Vd+FuqGNhh1LxOmVzOlGUriIlOaokOvhaStA==

debug@4, debug@^4.3.2:
  version "4.3.4"
  resolved "https://registry.yarnpkg.com/debug/-/debug-4.3.4.tgz#1319f6579357f2338d3337d2cdd4914bb5dcc865"
  integrity sha512-PRWFHuSU3eDtQJPvnNY7Jcket1j0t5OuOsFzPPzsekD52Zl8qUfFIPEiswXqIvHWGVHOgX+7G/vCNNhehwxfkQ==
  dependencies:
    ms "2.1.2"

electron-updater@^4.6.5:
  version "4.6.5"
  resolved "https://registry.yarnpkg.com/electron-updater/-/electron-updater-4.6.5.tgz#e9a75458bbfd6bb41a58a829839e150ad2eb2d3d"
  integrity sha512-kdTly8O9mSZfm9fslc1mnCY+mYOeaYRy7ERa2Fed240u01BKll3aiupzkd07qKw69KvhBSzuHroIW3mF0D8DWA==
  dependencies:
    "@types/semver" "^7.3.6"
    builder-util-runtime "8.9.2"
    fs-extra "^10.0.0"
    js-yaml "^4.1.0"
    lazy-val "^1.0.5"
    lodash.escaperegexp "^4.1.2"
    lodash.isequal "^4.5.0"
    semver "^7.3.5"

fs-extra@^10.0.0:
  version "10.1.0"
  resolved "https://registry.yarnpkg.com/fs-extra/-/fs-extra-10.1.0.tgz#02873cfbc4084dde127eaa5f9905eef2325d1abf"
  integrity sha512-oRXApq54ETRj4eMiFzGnHWGy+zo5raudjuxN0b8H7s/RU2oW0Wvsx9O0ACRN/kRq9E8Vu/ReskGB5o3ji+FzHQ==
  dependencies:
    graceful-fs "^4.2.0"
    jsonfile "^6.0.1"
    universalify "^2.0.0"

graceful-fs@^4.1.6, graceful-fs@^4.2.0:
  version "4.2.11"
  resolved "https://registry.yarnpkg.com/graceful-fs/-/graceful-fs-4.2.11.tgz#4183e4e8bf08bb6e05bbb2f7d2e0c8f712ca40e3"
  integrity sha512-RbJ5/jmFcNNCcDV5o9eTnBLJ/HszWV0P73bc+Ff4nS/rJj+YaS6IGyiOL0VoBYX+l1Wrl3k63h/KrH+nhJ0XvQ==

https-proxy-agent@^5.0.0:
  version "5.0.1"
  resolved "https://registry.yarnpkg.com/https-proxy-agent/-/https-proxy-agent-5.0.1.tgz#c59ef224a04fe8b754f3db0063a25ea30d0005d6"
  integrity sha512-dFcAjpTQFgoLMzC2VwU+C/CbS7uRL0lWmxDITmqm7C+7F0Odmj6s9l6alZc6AELXhrnggM2CeWSXHGOdX2YtwA==
  dependencies:
    agent-base "6"
    debug "4"

js-yaml@^4.1.0:
  version "4.1.0"
  resolved "https://registry.yarnpkg.com/js-yaml/-/js-yaml-4.1.0.tgz#c1fb65f8f5017901cdd2c951864ba18458a10602"
  integrity sha512-wpxZs9NoxZaJESJGIZTyDEaYpl0FKSA+FB9aJiyemKhMwkxQg63h4T1KJgUGHpTqPDNRcmmYLugrRjJlBtWvRA==
  dependencies:
    argparse "^2.0.1"

jsonfile@^6.0.1:
  version "6.1.0"
  resolved "https://registry.yarnpkg.com/jsonfile/-/jsonfile-6.1.0.tgz#bc55b2634793c679ec6403094eb13698a6ec0aae"
  integrity sha512-5dgndWOriYSm5cnYaJNhalLNDKOqFwyDB/rr1E9ZsGciGvKPs8R2xYGCacuf3z6K1YKDz182fd+fY3cn3pMqXQ==
  dependencies:
    universalify "^2.0.0"
  optionalDependencies:
    graceful-fs "^4.1.6"

lazy-val@^1.0.5:
  version "1.0.5"
  resolved "https://registry.yarnpkg.com/lazy-val/-/lazy-val-1.0.5.tgz#6cf3b9f5bc31cee7ee3e369c0832b7583dcd923d"
  integrity sha512-0/BnGCCfyUMkBpeDgWihanIAF9JmZhHBgUhEqzvf+adhNGLoP6TaiI5oF8oyb3I45P+PcnrqihSf01M0l0G5+Q==

lodash.escaperegexp@^4.1.2:
  version "4.1.2"
  resolved "https://registry.yarnpkg.com/lodash.escaperegexp/-/lodash.escaperegexp-4.1.2.tgz#64762c48618082518ac3df4ccf5d5886dae20347"
  integrity sha512-TM9YBvyC84ZxE3rgfefxUWiQKLilstD6k7PTGt6wfbtXF8ixIJLOL3VYyV/z+ZiPLsVxAsKAFVwWlWeb2Y8Yyw==

lodash.isequal@^4.5.0:
  version "4.5.0"
  resolved "https://registry.yarnpkg.com/lodash.isequal/-/lodash.isequal-4.5.0.tgz#415c4478f2bcc30120c22ce10ed3226f7d3e18e0"
  integrity sha512-pDo3lu8Jhfjqls6GkMgpahsF9kCyayhgykjyLMNFTKWrpVdAQtYyB4muAMWozBB4ig/dtWAmsMxLEI8wuz+DYQ==

lru-cache@^6.0.0:
  version "6.0.0"
  resolved "https://registry.yarnpkg.com/lru-cache/-/lru-cache-6.0.0.tgz#6d6fe6570ebd96aaf90fcad1dafa3b2566db3a94"
  integrity sha512-Jo6dJ04CmSjuznwJSS3pUeWmd/H0ffTlkXXgwZi+eq1UCmqQwCh+eLsYOYCwY991i2Fah4h1BEMCx4qThGbsiA==
  dependencies:
    yallist "^4.0.0"

lru_map@^0.3.3:
  version "0.3.3"
  resolved "https://registry.yarnpkg.com/lru_map/-/lru_map-0.3.3.tgz#b5c8351b9464cbd750335a79650a0ec0e56118dd"
  integrity sha512-Pn9cox5CsMYngeDbmChANltQl+5pi6XmTrraMSzhPmMBbmgcxmqWry0U3PGapCU1yB4/LqCcom7qhHZiF/jGfQ==

ms@2.1.2:
  version "2.1.2"
  resolved "https://registry.yarnpkg.com/ms/-/ms-2.1.2.tgz#d09d1f357b443f493382a8eb3ccd183872ae6009"
  integrity sha512-sGkPx+VjMtmA6MX27oA4FBFELFCZZ4S4XqeGOXCv68tT+jb3vk/RyaKWP0PTKyWtmLSM0b+adUTEvbs1PEaH2w==

sax@^1.2.4:
  version "1.3.0"
  resolved "https://registry.yarnpkg.com/sax/-/sax-1.3.0.tgz#a5dbe77db3be05c9d1ee7785dbd3ea9de51593d0"
  integrity sha512-0s+oAmw9zLl1V1cS9BtZN7JAd0cW5e0QH4W3LWEK6a4LaLEA2OTpGYWDY+6XasBLtz6wkm3u1xRw95mRuJ59WA==

semver@^7.3.5:
  version "7.5.4"
  resolved "https://registry.yarnpkg.com/semver/-/semver-7.5.4.tgz#483986ec4ed38e1c6c48c34894a9182dbff68a6e"
  integrity sha512-1bCSESV6Pv+i21Hvpxp3Dx+pSD8lIPt8uVjRrxAUt/nbswYc+tK6Y2btiULjd4+fnq15PX+nqQDC7Oft7WkwcA==
  dependencies:
    lru-cache "^6.0.0"

tslib@^1.9.3:
  version "1.14.1"
  resolved "https://registry.yarnpkg.com/tslib/-/tslib-1.14.1.tgz#cf2d38bdc34a134bcaf1091c41f6619e2f672d00"
  integrity sha512-Xni35NKzjgMrwevysHTCArtLDpPvye8zV/0E4EyYn43P7/7qvQwPh9BGkHewbMulVntbigmcT7rdX3BNo9wRJg==

tslib@^2.2.0:
  version "2.6.2"
  resolved "https://registry.yarnpkg.com/tslib/-/tslib-2.6.2.tgz#703ac29425e7b37cd6fd456e92404d46d1f3e4ae"
  integrity sha512-AEYxH93jGFPn/a2iVAwW87VuUIkR1FVUKB77NwMF7nBTDkDrrT/Hpt/IrCJ0QXhW27jTBDcf5ZY7w6RiqTMw2Q==

universalify@^2.0.0:
  version "2.0.1"
  resolved "https://registry.yarnpkg.com/universalify/-/universalify-2.0.1.tgz#168efc2180964e6386d061e094df61afe239b18d"
  integrity sha512-gptHNQghINnc/vTGIk0SOFGFNXw7JVrlRUtConJRlvaw6DuX0wO5Jeko9sWrMBhh+PsYAZ7oXAiOnf/UKogyiw==

yallist@^4.0.0:
  version "4.0.0"
  resolved "https://registry.yarnpkg.com/yallist/-/yallist-4.0.0.tgz#9bb92790d9c0effec63be73519e11a35019a3a72"
  integrity sha512-3wdGidZyq5PB084XLES5TpOSRA3wjXAlIWMhum2kRcv/41Sn2emQ0dycQW4uZXLejwKvg6EsvbdlVL+FYEct7A==

yaml@^1.10.2:
  version "1.10.2"
  resolved "https://registry.yarnpkg.com/yaml/-/yaml-1.10.2.tgz#2301c5ffbf12b467de8da2333a459e29e7920e4b"
  integrity sha512-r3vXyErRCYJ7wg28yvBY5VSoAF8ZvlcW9/BwUzEtUsjvX/DKs24dIkuwjtuprwJJHsbyUbLApepYTR1BN4uHrg==
