# THIS IS AN AUTOGENERATED FILE. DO NOT EDIT THIS FILE DIRECTLY.
# yarn lockfile v1


"@sentry-internal/feedback@7.92.0":
  version "7.92.0"
  resolved "https://registry.yarnpkg.com/@sentry-internal/feedback/-/feedback-7.92.0.tgz#1293b0a332f81cdf3970abd36894b9d25670c4e6"
  integrity sha512-/jEALRtVqboxB9kcK2tag8QCO6XANTlGBb9RV3oeGXJe0DDNJXRq6wVZbfgztXJRrfgx4XVDcNt1pRVoGGG++g==
  dependencies:
    "@sentry/core" "7.92.0"
    "@sentry/types" "7.92.0"
    "@sentry/utils" "7.92.0"

"@sentry-internal/tracing@7.92.0":
  version "7.92.0"
  resolved "https://registry.yarnpkg.com/@sentry-internal/tracing/-/tracing-7.92.0.tgz#505d94a93b5df965ec6bfb35da43389988259d4d"
  integrity sha512-ur55vPcUUUWFUX4eVLNP71ohswK7ZZpleNZw9Y1GfLqyI+0ILQUwjtzqItJrdClvVsdRZJMRmDV40Hp9Lbb9mA==
  dependencies:
    "@sentry/core" "7.92.0"
    "@sentry/types" "7.92.0"
    "@sentry/utils" "7.92.0"

"@sentry/browser@7.92.0":
  version "7.92.0"
  resolved "https://registry.yarnpkg.com/@sentry/browser/-/browser-7.92.0.tgz#f4c65f2af6f38c2dd5e32153e9b358c0c80275f2"
  integrity sha512-loMr02/zQ38u8aQhYLtIBg0i5n3ps2e3GUXrt3CdsJQdkRYfa62gcrE7SzvoEpMVHTk7VOI4fWGht8cWw/1k3A==
  dependencies:
    "@sentry-internal/feedback" "7.92.0"
    "@sentry-internal/tracing" "7.92.0"
    "@sentry/core" "7.92.0"
    "@sentry/replay" "7.92.0"
    "@sentry/types" "7.92.0"
    "@sentry/utils" "7.92.0"

"@sentry/core@7.92.0":
  version "7.92.0"
  resolved "https://registry.yarnpkg.com/@sentry/core/-/core-7.92.0.tgz#4e74c1959348b698226c49ead7a24e165502b55c"
  integrity sha512-1Tly7YB2I1byI5xb0Cwrxs56Rhww+6mQ7m9P7rTmdC3/ijOzbEoohtYIUPwcooCEarpbEJe/tAayRx6BrH2UbQ==
  dependencies:
    "@sentry/types" "7.92.0"
    "@sentry/utils" "7.92.0"

"@sentry/electron@^4.17.0":
  version "4.17.0"
  resolved "https://registry.yarnpkg.com/@sentry/electron/-/electron-4.17.0.tgz#77ab66901b0d4607d1da66f6cebfc36f21aaaab1"
  integrity sha512-1ThTHtn80E6h6mtt+V7tH03YW/vxwNfWrT8CxWSEUmtPQ/CPDpGZ8NN86lUwOPHjlSGBIYF4N33WVsGNhl+iAg==
  dependencies:
    "@sentry/browser" "7.92.0"
    "@sentry/core" "7.92.0"
    "@sentry/node" "7.92.0"
    "@sentry/types" "7.92.0"
    "@sentry/utils" "7.92.0"
    deepmerge "4.3.0"
    tslib "^2.5.0"

"@sentry/node@7.92.0":
  version "7.92.0"
  resolved "https://registry.yarnpkg.com/@sentry/node/-/node-7.92.0.tgz#880d3be5cb8ef805a6856c619db3951b1678f726"
  integrity sha512-LZeQL1r6kikEoOzA9K61OmMl32/lK/6PzmFNDH6z7UYwQopCZgVA6IP+CZuln8K2ys5c9hCyF7ICQMysXfpNJA==
  dependencies:
    "@sentry-internal/tracing" "7.92.0"
    "@sentry/core" "7.92.0"
    "@sentry/types" "7.92.0"
    "@sentry/utils" "7.92.0"
    https-proxy-agent "^5.0.0"

"@sentry/replay@7.92.0":
  version "7.92.0"
  resolved "https://registry.yarnpkg.com/@sentry/replay/-/replay-7.92.0.tgz#d94e9f6b72e540e73378a74ca1190068edd447f2"
  integrity sha512-G1t9Uvc9cR8VpNkElwvHIMGzykjIKikb10n0tfVd3e+rBPMCCjCPWOduwG6jZYxcvCjTpqmJh6NSLXxL/Mt4JA==
  dependencies:
    "@sentry-internal/tracing" "7.92.0"
    "@sentry/core" "7.92.0"
    "@sentry/types" "7.92.0"
    "@sentry/utils" "7.92.0"

"@sentry/types@7.92.0":
  version "7.92.0"
  resolved "https://registry.yarnpkg.com/@sentry/types/-/types-7.92.0.tgz#4c308fdb316c0272f55f0816230fe87e7b9b551a"
  integrity sha512-APmSOuZuoRGpbPpPeYIbMSplPjiWNLZRQa73QiXuTflW4Tu/ItDlU8hOa2+A6JKVkJCuD2EN6yUrxDGSMyNXeg==

"@sentry/utils@7.92.0":
  version "7.92.0"
  resolved "https://registry.yarnpkg.com/@sentry/utils/-/utils-7.92.0.tgz#20ed29742594eab007f9ff72e008b5262456a319"
  integrity sha512-3nEfrQ1z28b/2zgFGANPh5yMVtgwXmrasZxTvKbrAj+KWJpjrJHrIR84r9W277J44NMeZ5RhRW2uoDmuBslPnA==
  dependencies:
    "@sentry/types" "7.92.0"

agent-base@6:
  version "6.0.2"
  resolved "https://registry.yarnpkg.com/agent-base/-/agent-base-6.0.2.tgz#49fff58577cfee3f37176feab4c22e00f86d7f77"
  integrity sha512-RZNwNclF7+MS/8bDg70amg32dyeZGZxiDuQmZxKLAlQjr3jGyLx+4Kkk58UO7D2QdgFIQCovuSuZESne6RG6XQ==
  dependencies:
    debug "4"

argparse@^2.0.1:
  version "2.0.1"
  resolved "https://registry.yarnpkg.com/argparse/-/argparse-2.0.1.tgz#246f50f3ca78a3240f6c997e8a9bd1eac49e4b38"
  integrity sha512-8+9WqebbFzpX9OR+Wa6O29asIogeRMzcGtAINdpMHHyAg10f05aSFVBbcEqGf/PXw1EjAZ+q2/bEBg3DvurK3Q==

builder-util-runtime@9.2.3:
  version "9.2.3"
  resolved "https://registry.yarnpkg.com/builder-util-runtime/-/builder-util-runtime-9.2.3.tgz#0a82c7aca8eadef46d67b353c638f052c206b83c"
  integrity sha512-FGhkqXdFFZ5dNC4C+yuQB9ak311rpGAw+/ASz8ZdxwODCv1GGMWgLDeofRkdi0F3VCHQEWy/aXcJQozx2nOPiw==
  dependencies:
    debug "^4.3.4"
    sax "^1.2.4"

debug@4, debug@^4.3.4:
  version "4.3.4"
  resolved "https://registry.yarnpkg.com/debug/-/debug-4.3.4.tgz#1319f6579357f2338d3337d2cdd4914bb5dcc865"
  integrity sha512-PRWFHuSU3eDtQJPvnNY7Jcket1j0t5OuOsFzPPzsekD52Zl8qUfFIPEiswXqIvHWGVHOgX+7G/vCNNhehwxfkQ==
  dependencies:
    ms "2.1.2"

deepmerge@4.3.0:
  version "4.3.0"
  resolved "https://registry.yarnpkg.com/deepmerge/-/deepmerge-4.3.0.tgz#65491893ec47756d44719ae520e0e2609233b59b"
  integrity sha512-z2wJZXrmeHdvYJp/Ux55wIjqo81G5Bp4c+oELTW+7ar6SogWHajt5a9gO3s3IDaGSAXjDk0vlQKN3rms8ab3og==

electron-updater@^6.1.7:
  version "6.1.7"
  resolved "https://registry.yarnpkg.com/electron-updater/-/electron-updater-6.1.7.tgz#7ebd5fb0dde6372309bdfa8031e8eac3817f9955"
  integrity sha512-SNOhYizjkm4ET+Y8ilJyUzcVsFJDtINzVN1TyHnZeMidZEG3YoBebMyXc/J6WSiXdUaOjC7ngekN6rNp6ardHA==
  dependencies:
    builder-util-runtime "9.2.3"
    fs-extra "^10.1.0"
    js-yaml "^4.1.0"
    lazy-val "^1.0.5"
    lodash.escaperegexp "^4.1.2"
    lodash.isequal "^4.5.0"
    semver "^7.3.8"
    tiny-typed-emitter "^2.1.0"

fs-extra@^10.1.0:
  version "10.1.0"
  resolved "https://registry.yarnpkg.com/fs-extra/-/fs-extra-10.1.0.tgz#02873cfbc4084dde127eaa5f9905eef2325d1abf"
  integrity sha512-oRXApq54ETRj4eMiFzGnHWGy+zo5raudjuxN0b8H7s/RU2oW0Wvsx9O0ACRN/kRq9E8Vu/ReskGB5o3ji+FzHQ==
  dependencies:
    graceful-fs "^4.2.0"
    jsonfile "^6.0.1"
    universalify "^2.0.0"

graceful-fs@^4.1.6, graceful-fs@^4.2.0:
  version "4.2.11"
  resolved "https://registry.yarnpkg.com/graceful-fs/-/graceful-fs-4.2.11.tgz#4183e4e8bf08bb6e05bbb2f7d2e0c8f712ca40e3"
  integrity sha512-RbJ5/jmFcNNCcDV5o9eTnBLJ/HszWV0P73bc+Ff4nS/rJj+YaS6IGyiOL0VoBYX+l1Wrl3k63h/KrH+nhJ0XvQ==

https-proxy-agent@^5.0.0:
  version "5.0.1"
  resolved "https://registry.yarnpkg.com/https-proxy-agent/-/https-proxy-agent-5.0.1.tgz#c59ef224a04fe8b754f3db0063a25ea30d0005d6"
  integrity sha512-dFcAjpTQFgoLMzC2VwU+C/CbS7uRL0lWmxDITmqm7C+7F0Odmj6s9l6alZc6AELXhrnggM2CeWSXHGOdX2YtwA==
  dependencies:
    agent-base "6"
    debug "4"

js-yaml@^4.1.0:
  version "4.1.0"
  resolved "https://registry.yarnpkg.com/js-yaml/-/js-yaml-4.1.0.tgz#c1fb65f8f5017901cdd2c951864ba18458a10602"
  integrity sha512-wpxZs9NoxZaJESJGIZTyDEaYpl0FKSA+FB9aJiyemKhMwkxQg63h4T1KJgUGHpTqPDNRcmmYLugrRjJlBtWvRA==
  dependencies:
    argparse "^2.0.1"

jsonfile@^6.0.1:
  version "6.1.0"
  resolved "https://registry.yarnpkg.com/jsonfile/-/jsonfile-6.1.0.tgz#bc55b2634793c679ec6403094eb13698a6ec0aae"
  integrity sha512-5dgndWOriYSm5cnYaJNhalLNDKOqFwyDB/rr1E9ZsGciGvKPs8R2xYGCacuf3z6K1YKDz182fd+fY3cn3pMqXQ==
  dependencies:
    universalify "^2.0.0"
  optionalDependencies:
    graceful-fs "^4.1.6"

lazy-val@^1.0.5:
  version "1.0.5"
  resolved "https://registry.yarnpkg.com/lazy-val/-/lazy-val-1.0.5.tgz#6cf3b9f5bc31cee7ee3e369c0832b7583dcd923d"
  integrity sha512-0/BnGCCfyUMkBpeDgWihanIAF9JmZhHBgUhEqzvf+adhNGLoP6TaiI5oF8oyb3I45P+PcnrqihSf01M0l0G5+Q==

lodash.escaperegexp@^4.1.2:
  version "4.1.2"
  resolved "https://registry.yarnpkg.com/lodash.escaperegexp/-/lodash.escaperegexp-4.1.2.tgz#64762c48618082518ac3df4ccf5d5886dae20347"
  integrity sha512-TM9YBvyC84ZxE3rgfefxUWiQKLilstD6k7PTGt6wfbtXF8ixIJLOL3VYyV/z+ZiPLsVxAsKAFVwWlWeb2Y8Yyw==

lodash.isequal@^4.5.0:
  version "4.5.0"
  resolved "https://registry.yarnpkg.com/lodash.isequal/-/lodash.isequal-4.5.0.tgz#415c4478f2bcc30120c22ce10ed3226f7d3e18e0"
  integrity sha512-pDo3lu8Jhfjqls6GkMgpahsF9kCyayhgykjyLMNFTKWrpVdAQtYyB4muAMWozBB4ig/dtWAmsMxLEI8wuz+DYQ==

lru-cache@^6.0.0:
  version "6.0.0"
  resolved "https://registry.yarnpkg.com/lru-cache/-/lru-cache-6.0.0.tgz#6d6fe6570ebd96aaf90fcad1dafa3b2566db3a94"
  integrity sha512-Jo6dJ04CmSjuznwJSS3pUeWmd/H0ffTlkXXgwZi+eq1UCmqQwCh+eLsYOYCwY991i2Fah4h1BEMCx4qThGbsiA==
  dependencies:
    yallist "^4.0.0"

ms@2.1.2:
  version "2.1.2"
  resolved "https://registry.yarnpkg.com/ms/-/ms-2.1.2.tgz#d09d1f357b443f493382a8eb3ccd183872ae6009"
  integrity sha512-sGkPx+VjMtmA6MX27oA4FBFELFCZZ4S4XqeGOXCv68tT+jb3vk/RyaKWP0PTKyWtmLSM0b+adUTEvbs1PEaH2w==

sax@^1.2.4:
  version "1.3.0"
  resolved "https://registry.yarnpkg.com/sax/-/sax-1.3.0.tgz#a5dbe77db3be05c9d1ee7785dbd3ea9de51593d0"
  integrity sha512-0s+oAmw9zLl1V1cS9BtZN7JAd0cW5e0QH4W3LWEK6a4LaLEA2OTpGYWDY+6XasBLtz6wkm3u1xRw95mRuJ59WA==

semver@^7.3.8:
  version "7.5.4"
  resolved "https://registry.yarnpkg.com/semver/-/semver-7.5.4.tgz#483986ec4ed38e1c6c48c34894a9182dbff68a6e"
  integrity sha512-1bCSESV6Pv+i21Hvpxp3Dx+pSD8lIPt8uVjRrxAUt/nbswYc+tK6Y2btiULjd4+fnq15PX+nqQDC7Oft7WkwcA==
  dependencies:
    lru-cache "^6.0.0"

tiny-typed-emitter@^2.1.0:
  version "2.1.0"
  resolved "https://registry.yarnpkg.com/tiny-typed-emitter/-/tiny-typed-emitter-2.1.0.tgz#b3b027fdd389ff81a152c8e847ee2f5be9fad7b5"
  integrity sha512-qVtvMxeXbVej0cQWKqVSSAHmKZEHAvxdF8HEUBFWts8h+xEo5m/lEiPakuyZ3BnCBjOD8i24kzNOiOLLgsSxhA==

tslib@^2.5.0:
  version "2.6.2"
  resolved "https://registry.yarnpkg.com/tslib/-/tslib-2.6.2.tgz#703ac29425e7b37cd6fd456e92404d46d1f3e4ae"
  integrity sha512-AEYxH93jGFPn/a2iVAwW87VuUIkR1FVUKB77NwMF7nBTDkDrrT/Hpt/IrCJ0QXhW27jTBDcf5ZY7w6RiqTMw2Q==

universalify@^2.0.0:
  version "2.0.1"
  resolved "https://registry.yarnpkg.com/universalify/-/universalify-2.0.1.tgz#168efc2180964e6386d061e094df61afe239b18d"
  integrity sha512-gptHNQghINnc/vTGIk0SOFGFNXw7JVrlRUtConJRlvaw6DuX0wO5Jeko9sWrMBhh+PsYAZ7oXAiOnf/UKogyiw==

yallist@^4.0.0:
  version "4.0.0"
  resolved "https://registry.yarnpkg.com/yallist/-/yallist-4.0.0.tgz#9bb92790d9c0effec63be73519e11a35019a3a72"
  integrity sha512-3wdGidZyq5PB084XLES5TpOSRA3wjXAlIWMhum2kRcv/41Sn2emQ0dycQW4uZXLejwKvg6EsvbdlVL+FYEct7A==

yaml@^1.10.2:
  version "1.10.2"
  resolved "https://registry.yarnpkg.com/yaml/-/yaml-1.10.2.tgz#2301c5ffbf12b467de8da2333a459e29e7920e4b"
  integrity sha512-r3vXyErRCYJ7wg28yvBY5VSoAF8ZvlcW9/BwUzEtUsjvX/DKs24dIkuwjtuprwJJHsbyUbLApepYTR1BN4uHrg==
